<?xml version="1.0" encoding="UTF-8"?>
<CodeBlocks_project_file>
	<FileVersion major="1" minor="6"/>
	<Project>
		<Option title="rpi_ws281x"/>
		<Option makefile_is_custom="1"/>
		<Option compiler="gcc"/>
		<Option virtualFolders="CMake Files\;CMake Files\build-arm-ubuntu-debug\;CMake Files\build-arm-ubuntu-debug\flatbuffers-src\;CMake Files\build-arm-ubuntu-debug\flatbuffers-src\CMake\;CMake Files\build-arm-ubuntu-debug\yaml-src\;CMake Files\build-arm-ubuntu-debug\yaml-src\test\;CMake Files\build-arm-ubuntu-debug\yaml-src\util\;CMake Files\build-arm-ubuntu-debug\yaml-build\;CMake Files\build-arm-ubuntu-debug\yaml-build\test\;CMake Files\build-arm-ubuntu-debug\yaml-build\test\googletest_project-prefix\;CMake Files\build-arm-ubuntu-debug\yaml-build\test\googletest_project-prefix\tmp\;CMake Files\build-arm-ubuntu-debug\impresario-serialization-src\;CMake Files\build-arm-ubuntu-debug\impresario-serialization-src\lib\;CMake Files\build-arm-ubuntu-debug\impresario-serialization-src\lib\cmake-utils\;CMake Files\build-arm-ubuntu-debug\impresario-utils-src\;CMake Files\build-arm-ubuntu-debug\impresario-utils-src\lib\;CMake Files\build-arm-ubuntu-debug\impresario-utils-src\lib\cmake-utils\;CMake Files\build-arm-ubuntu-debug\spdlog-src\;CMake Files\build-arm-ubuntu-debug\spdlog-src\cmake\;CMake Files\build-arm-ubuntu-debug\ws281x-src\;CMake Files\lib\;CMake Files\lib\cmake-utils\;"/>
		<Build>
			<Target title="all">
				<Option working_dir="/home/josiah/euclid/promenade/build-arm-ubuntu-debug/ws281x-build"/>
				<Option type="4"/>
				<MakeCommands>
					<Build command="/usr/bin/gmake -j4 -f &quot;/home/josiah/euclid/promenade/build-arm-ubuntu-debug/ws281x-build/Makefile&quot;  VERBOSE=1 all"/>
					<CompileFile command="/usr/bin/gmake -j4 -f &quot;/home/josiah/euclid/promenade/build-arm-ubuntu-debug/ws281x-build/Makefile&quot;  VERBOSE=1 &quot;$file&quot;"/>
					<Clean command="/usr/bin/gmake -j4 -f &quot;/home/josiah/euclid/promenade/build-arm-ubuntu-debug/ws281x-build/Makefile&quot;  VERBOSE=1 clean"/>
					<DistClean command="/usr/bin/gmake -j4 -f &quot;/home/josiah/euclid/promenade/build-arm-ubuntu-debug/ws281x-build/Makefile&quot;  VERBOSE=1 clean"/>
				</MakeCommands>
			</Target>
			<Target title="ws2811">
				<Option output="/home/josiah/euclid/promenade/build-arm-ubuntu-debug/ws281x-build/libws2811.a" prefix_auto="0" extension_auto="0"/>
				<Option working_dir="/home/josiah/euclid/promenade/build-arm-ubuntu-debug/ws281x-build"/>
				<Option object_output="./"/>
				<Option type="2"/>
				<Option compiler="gcc"/>
				<Compiler>
					<Add directory="/home/josiah/euclid/promenade/build-arm-ubuntu-debug/ws281x-build"/>
					<Add directory="/usr/include/c++/11"/>
					<Add directory="/usr/include/arm-linux-gnueabihf/c++/11"/>
					<Add directory="/usr/include/c++/11/backward"/>
					<Add directory="/usr/lib/gcc/arm-linux-gnueabihf/11/include"/>
					<Add directory="/usr/local/include"/>
					<Add directory="/usr/include/arm-linux-gnueabihf"/>
					<Add directory="/usr/include"/>
				</Compiler>
				<MakeCommands>
					<Build command="/usr/bin/gmake -j4 -f &quot;/home/josiah/euclid/promenade/build-arm-ubuntu-debug/ws281x-build/Makefile&quot;  VERBOSE=1 ws2811"/>
					<CompileFile command="/usr/bin/gmake -j4 -f &quot;/home/josiah/euclid/promenade/build-arm-ubuntu-debug/ws281x-build/Makefile&quot;  VERBOSE=1 &quot;$file&quot;"/>
					<Clean command="/usr/bin/gmake -j4 -f &quot;/home/josiah/euclid/promenade/build-arm-ubuntu-debug/ws281x-build/Makefile&quot;  VERBOSE=1 clean"/>
					<DistClean command="/usr/bin/gmake -j4 -f &quot;/home/josiah/euclid/promenade/build-arm-ubuntu-debug/ws281x-build/Makefile&quot;  VERBOSE=1 clean"/>
				</MakeCommands>
			</Target>
			<Target title="ws2811/fast">
				<Option output="/home/josiah/euclid/promenade/build-arm-ubuntu-debug/ws281x-build/libws2811.a" prefix_auto="0" extension_auto="0"/>
				<Option working_dir="/home/josiah/euclid/promenade/build-arm-ubuntu-debug/ws281x-build"/>
				<Option object_output="./"/>
				<Option type="2"/>
				<Option compiler="gcc"/>
				<Compiler>
					<Add directory="/home/josiah/euclid/promenade/build-arm-ubuntu-debug/ws281x-build"/>
					<Add directory="/usr/include/c++/11"/>
					<Add directory="/usr/include/arm-linux-gnueabihf/c++/11"/>
					<Add directory="/usr/include/c++/11/backward"/>
					<Add directory="/usr/lib/gcc/arm-linux-gnueabihf/11/include"/>
					<Add directory="/usr/local/include"/>
					<Add directory="/usr/include/arm-linux-gnueabihf"/>
					<Add directory="/usr/include"/>
				</Compiler>
				<MakeCommands>
					<Build command="/usr/bin/gmake -j4 -f &quot;/home/josiah/euclid/promenade/build-arm-ubuntu-debug/ws281x-build/Makefile&quot;  VERBOSE=1 ws2811/fast"/>
					<CompileFile command="/usr/bin/gmake -j4 -f &quot;/home/josiah/euclid/promenade/build-arm-ubuntu-debug/ws281x-build/Makefile&quot;  VERBOSE=1 &quot;$file&quot;"/>
					<Clean command="/usr/bin/gmake -j4 -f &quot;/home/josiah/euclid/promenade/build-arm-ubuntu-debug/ws281x-build/Makefile&quot;  VERBOSE=1 clean"/>
					<DistClean command="/usr/bin/gmake -j4 -f &quot;/home/josiah/euclid/promenade/build-arm-ubuntu-debug/ws281x-build/Makefile&quot;  VERBOSE=1 clean"/>
				</MakeCommands>
			</Target>
			<Target title="test">
				<Option output="/home/josiah/euclid/promenade/build-arm-ubuntu-debug/ws281x-build/test" prefix_auto="0" extension_auto="0"/>
				<Option working_dir="/home/josiah/euclid/promenade/build-arm-ubuntu-debug/ws281x-build"/>
				<Option object_output="./"/>
				<Option type="1"/>
				<Option compiler="gcc"/>
				<Compiler>
					<Add directory="/home/josiah/euclid/promenade/build-arm-ubuntu-debug/ws281x-build"/>
					<Add directory="/usr/include/c++/11"/>
					<Add directory="/usr/include/arm-linux-gnueabihf/c++/11"/>
					<Add directory="/usr/include/c++/11/backward"/>
					<Add directory="/usr/lib/gcc/arm-linux-gnueabihf/11/include"/>
					<Add directory="/usr/local/include"/>
					<Add directory="/usr/include/arm-linux-gnueabihf"/>
					<Add directory="/usr/include"/>
				</Compiler>
				<MakeCommands>
					<Build command="/usr/bin/gmake -j4 -f &quot;/home/josiah/euclid/promenade/build-arm-ubuntu-debug/ws281x-build/Makefile&quot;  VERBOSE=1 test"/>
					<CompileFile command="/usr/bin/gmake -j4 -f &quot;/home/josiah/euclid/promenade/build-arm-ubuntu-debug/ws281x-build/Makefile&quot;  VERBOSE=1 &quot;$file&quot;"/>
					<Clean command="/usr/bin/gmake -j4 -f &quot;/home/josiah/euclid/promenade/build-arm-ubuntu-debug/ws281x-build/Makefile&quot;  VERBOSE=1 clean"/>
					<DistClean command="/usr/bin/gmake -j4 -f &quot;/home/josiah/euclid/promenade/build-arm-ubuntu-debug/ws281x-build/Makefile&quot;  VERBOSE=1 clean"/>
				</MakeCommands>
			</Target>
			<Target title="test/fast">
				<Option output="/home/josiah/euclid/promenade/build-arm-ubuntu-debug/ws281x-build/test" prefix_auto="0" extension_auto="0"/>
				<Option working_dir="/home/josiah/euclid/promenade/build-arm-ubuntu-debug/ws281x-build"/>
				<Option object_output="./"/>
				<Option type="1"/>
				<Option compiler="gcc"/>
				<Compiler>
					<Add directory="/home/josiah/euclid/promenade/build-arm-ubuntu-debug/ws281x-build"/>
					<Add directory="/usr/include/c++/11"/>
					<Add directory="/usr/include/arm-linux-gnueabihf/c++/11"/>
					<Add directory="/usr/include/c++/11/backward"/>
					<Add directory="/usr/lib/gcc/arm-linux-gnueabihf/11/include"/>
					<Add directory="/usr/local/include"/>
					<Add directory="/usr/include/arm-linux-gnueabihf"/>
					<Add directory="/usr/include"/>
				</Compiler>
				<MakeCommands>
					<Build command="/usr/bin/gmake -j4 -f &quot;/home/josiah/euclid/promenade/build-arm-ubuntu-debug/ws281x-build/Makefile&quot;  VERBOSE=1 test/fast"/>
					<CompileFile command="/usr/bin/gmake -j4 -f &quot;/home/josiah/euclid/promenade/build-arm-ubuntu-debug/ws281x-build/Makefile&quot;  VERBOSE=1 &quot;$file&quot;"/>
					<Clean command="/usr/bin/gmake -j4 -f &quot;/home/josiah/euclid/promenade/build-arm-ubuntu-debug/ws281x-build/Makefile&quot;  VERBOSE=1 clean"/>
					<DistClean command="/usr/bin/gmake -j4 -f &quot;/home/josiah/euclid/promenade/build-arm-ubuntu-debug/ws281x-build/Makefile&quot;  VERBOSE=1 clean"/>
				</MakeCommands>
			</Target>
		</Build>
		<Unit filename="/home/josiah/euclid/promenade/build-arm-ubuntu-debug/ws281x-src/dma.c">
			<Option target="ws2811"/>
		</Unit>
		<Unit filename="/home/josiah/euclid/promenade/build-arm-ubuntu-debug/ws281x-src/dma.h">
			<Option target="ws2811"/>
		</Unit>
		<Unit filename="/home/josiah/euclid/promenade/build-arm-ubuntu-debug/ws281x-src/mailbox.c">
			<Option target="ws2811"/>
		</Unit>
		<Unit filename="/home/josiah/euclid/promenade/build-arm-ubuntu-debug/ws281x-src/mailbox.h">
			<Option target="ws2811"/>
		</Unit>
		<Unit filename="/home/josiah/euclid/promenade/build-arm-ubuntu-debug/ws281x-src/main.c">
			<Option target="test"/>
		</Unit>
		<Unit filename="/home/josiah/euclid/promenade/build-arm-ubuntu-debug/ws281x-src/pcm.c">
			<Option target="ws2811"/>
		</Unit>
		<Unit filename="/home/josiah/euclid/promenade/build-arm-ubuntu-debug/ws281x-src/pcm.h">
			<Option target="ws2811"/>
		</Unit>
		<Unit filename="/home/josiah/euclid/promenade/build-arm-ubuntu-debug/ws281x-src/pwm.c">
			<Option target="ws2811"/>
		</Unit>
		<Unit filename="/home/josiah/euclid/promenade/build-arm-ubuntu-debug/ws281x-src/pwm.h">
			<Option target="ws2811"/>
		</Unit>
		<Unit filename="/home/josiah/euclid/promenade/build-arm-ubuntu-debug/ws281x-src/rpihw.c">
			<Option target="ws2811"/>
		</Unit>
		<Unit filename="/home/josiah/euclid/promenade/build-arm-ubuntu-debug/ws281x-src/rpihw.h">
			<Option target="ws2811"/>
		</Unit>
		<Unit filename="/home/josiah/euclid/promenade/build-arm-ubuntu-debug/ws281x-src/ws2811.c">
			<Option target="ws2811"/>
		</Unit>
		<Unit filename="/home/josiah/euclid/promenade/build-arm-ubuntu-debug/ws281x-src/ws2811.h">
			<Option target="ws2811"/>
		</Unit>
		<Unit filename="/home/josiah/euclid/promenade/CMakeLists.txt">
			<Option virtualFolder="CMake Files\"/>
		</Unit>
		<Unit filename="/home/josiah/euclid/promenade/build-arm-ubuntu-debug/flatbuffers-src/CMakeLists.txt">
			<Option virtualFolder="CMake Files\build-arm-ubuntu-debug\flatbuffers-src\"/>
		</Unit>
		<Unit filename="/home/josiah/euclid/promenade/build-arm-ubuntu-debug/flatbuffers-src/CMake/BuildFlatBuffers.cmake">
			<Option virtualFolder="CMake Files\build-arm-ubuntu-debug\flatbuffers-src\CMake\"/>
		</Unit>
		<Unit filename="/home/josiah/euclid/promenade/build-arm-ubuntu-debug/flatbuffers-src/CMake/FlatbuffersConfigVersion.cmake.in">
			<Option virtualFolder="CMake Files\build-arm-ubuntu-debug\flatbuffers-src\CMake\"/>
		</Unit>
		<Unit filename="/home/josiah/euclid/promenade/build-arm-ubuntu-debug/flatbuffers-src/CMake/Version.cmake">
			<Option virtualFolder="CMake Files\build-arm-ubuntu-debug\flatbuffers-src\CMake\"/>
		</Unit>
		<Unit filename="/home/josiah/euclid/promenade/build-arm-ubuntu-debug/yaml-src/CMakeLists.txt">
			<Option virtualFolder="CMake Files\build-arm-ubuntu-debug\yaml-src\"/>
		</Unit>
		<Unit filename="/home/josiah/euclid/promenade/build-arm-ubuntu-debug/yaml-src/yaml-cpp-config-version.cmake.in">
			<Option virtualFolder="CMake Files\build-arm-ubuntu-debug\yaml-src\"/>
		</Unit>
		<Unit filename="/home/josiah/euclid/promenade/build-arm-ubuntu-debug/yaml-src/yaml-cpp-config.cmake.in">
			<Option virtualFolder="CMake Files\build-arm-ubuntu-debug\yaml-src\"/>
		</Unit>
		<Unit filename="/home/josiah/euclid/promenade/build-arm-ubuntu-debug/yaml-src/yaml-cpp.pc.cmake">
			<Option virtualFolder="CMake Files\build-arm-ubuntu-debug\yaml-src\"/>
		</Unit>
		<Unit filename="/home/josiah/euclid/promenade/build-arm-ubuntu-debug/yaml-src/test/CMakeLists.txt">
			<Option virtualFolder="CMake Files\build-arm-ubuntu-debug\yaml-src\test\"/>
		</Unit>
		<Unit filename="/home/josiah/euclid/promenade/build-arm-ubuntu-debug/yaml-src/util/CMakeLists.txt">
			<Option virtualFolder="CMake Files\build-arm-ubuntu-debug\yaml-src\util\"/>
		</Unit>
		<Unit filename="/home/josiah/euclid/promenade/build-arm-ubuntu-debug/yaml-build/test/googletest_project-prefix/tmp/googletest_project-cfgcmd.txt.in">
			<Option virtualFolder="CMake Files\build-arm-ubuntu-debug\yaml-build\test\googletest_project-prefix\tmp\"/>
		</Unit>
		<Unit filename="/home/josiah/euclid/promenade/build-arm-ubuntu-debug/impresario-serialization-src/CMakeLists.txt">
			<Option virtualFolder="CMake Files\build-arm-ubuntu-debug\impresario-serialization-src\"/>
		</Unit>
		<Unit filename="/home/josiah/euclid/promenade/build-arm-ubuntu-debug/impresario-serialization-src/lib/cmake-utils/dependency-downloader.cmake">
			<Option virtualFolder="CMake Files\build-arm-ubuntu-debug\impresario-serialization-src\lib\cmake-utils\"/>
		</Unit>
		<Unit filename="/home/josiah/euclid/promenade/build-arm-ubuntu-debug/impresario-serialization-src/lib/cmake-utils/dependency-integrator.cmake">
			<Option virtualFolder="CMake Files\build-arm-ubuntu-debug\impresario-serialization-src\lib\cmake-utils\"/>
		</Unit>
		<Unit filename="/home/josiah/euclid/promenade/build-arm-ubuntu-debug/impresario-utils-src/CMakeLists.txt">
			<Option virtualFolder="CMake Files\build-arm-ubuntu-debug\impresario-utils-src\"/>
		</Unit>
		<Unit filename="/home/josiah/euclid/promenade/build-arm-ubuntu-debug/impresario-utils-src/lib/cmake-utils/dependency-downloader.cmake">
			<Option virtualFolder="CMake Files\build-arm-ubuntu-debug\impresario-utils-src\lib\cmake-utils\"/>
		</Unit>
		<Unit filename="/home/josiah/euclid/promenade/build-arm-ubuntu-debug/impresario-utils-src/lib/cmake-utils/dependency-integrator.cmake">
			<Option virtualFolder="CMake Files\build-arm-ubuntu-debug\impresario-utils-src\lib\cmake-utils\"/>
		</Unit>
		<Unit filename="/home/josiah/euclid/promenade/build-arm-ubuntu-debug/spdlog-src/CMakeLists.txt">
			<Option virtualFolder="CMake Files\build-arm-ubuntu-debug\spdlog-src\"/>
		</Unit>
		<Unit filename="/home/josiah/euclid/promenade/build-arm-ubuntu-debug/spdlog-src/cmake/ide.cmake">
			<Option virtualFolder="CMake Files\build-arm-ubuntu-debug\spdlog-src\cmake\"/>
		</Unit>
		<Unit filename="/home/josiah/euclid/promenade/build-arm-ubuntu-debug/spdlog-src/cmake/utils.cmake">
			<Option virtualFolder="CMake Files\build-arm-ubuntu-debug\spdlog-src\cmake\"/>
		</Unit>
		<Unit filename="/home/josiah/euclid/promenade/build-arm-ubuntu-debug/ws281x-src/CMakeLists.txt">
			<Option virtualFolder="CMake Files\build-arm-ubuntu-debug\ws281x-src\"/>
		</Unit>
		<Unit filename="/home/josiah/euclid/promenade/build-arm-ubuntu-debug/ws281x-src/pkg-config.pc.in">
			<Option virtualFolder="CMake Files\build-arm-ubuntu-debug\ws281x-src\"/>
		</Unit>
		<Unit filename="/home/josiah/euclid/promenade/build-arm-ubuntu-debug/ws281x-src/version.h.in">
			<Option virtualFolder="CMake Files\build-arm-ubuntu-debug\ws281x-src\"/>
		</Unit>
		<Unit filename="/home/josiah/euclid/promenade/lib/cmake-utils/dependency-downloader.cmake">
			<Option virtualFolder="CMake Files\lib\cmake-utils\"/>
		</Unit>
		<Unit filename="/home/josiah/euclid/promenade/lib/cmake-utils/dependency-integrator.cmake">
			<Option virtualFolder="CMake Files\lib\cmake-utils\"/>
		</Unit>
	</Project>
</CodeBlocks_project_file>
