<?xml version="1.0" encoding="UTF-8"?>
<CodeBlocks_project_file>
	<FileVersion major="1" minor="6"/>
	<Project>
		<Option title="impresario-serialization"/>
		<Option makefile_is_custom="1"/>
		<Option compiler="gcc"/>
		<Option virtualFolders="CMake Files\;CMake Files\build-arm-ubuntu-debug\;CMake Files\build-arm-ubuntu-debug\flatbuffers-src\;CMake Files\build-arm-ubuntu-debug\flatbuffers-src\CMake\;CMake Files\build-arm-ubuntu-debug\yaml-src\;CMake Files\build-arm-ubuntu-debug\impresario-serialization-src\;CMake Files\build-arm-ubuntu-debug\impresario-serialization-src\lib\;CMake Files\build-arm-ubuntu-debug\impresario-serialization-src\lib\cmake-utils\;CMake Files\build-arm-ubuntu-debug\impresario-utils-src\;CMake Files\build-arm-ubuntu-debug\impresario-utils-src\lib\;CMake Files\build-arm-ubuntu-debug\impresario-utils-src\lib\cmake-utils\;CMake Files\build-arm-ubuntu-debug\spdlog-src\;CMake Files\build-arm-ubuntu-debug\spdlog-src\cmake\;CMake Files\build-arm-ubuntu-debug\ws281x-src\;CMake Files\lib\;CMake Files\lib\cmake-utils\;"/>
		<Build>
			<Target title="all">
				<Option working_dir="/home/josiah/euclid/promenade/build-arm-ubuntu-debug/impresario-serialization-build"/>
				<Option type="4"/>
				<MakeCommands>
					<Build command="/usr/bin/gmake -j4 -f &quot;/home/josiah/euclid/promenade/build-arm-ubuntu-debug/impresario-serialization-build/Makefile&quot;  VERBOSE=1 all"/>
					<CompileFile command="/usr/bin/gmake -j4 -f &quot;/home/josiah/euclid/promenade/build-arm-ubuntu-debug/impresario-serialization-build/Makefile&quot;  VERBOSE=1 &quot;$file&quot;"/>
					<Clean command="/usr/bin/gmake -j4 -f &quot;/home/josiah/euclid/promenade/build-arm-ubuntu-debug/impresario-serialization-build/Makefile&quot;  VERBOSE=1 clean"/>
					<DistClean command="/usr/bin/gmake -j4 -f &quot;/home/josiah/euclid/promenade/build-arm-ubuntu-debug/impresario-serialization-build/Makefile&quot;  VERBOSE=1 clean"/>
				</MakeCommands>
			</Target>
			<Target title="flatbuffers">
				<Option output="/home/josiah/euclid/promenade/build-arm-ubuntu-debug/flatbuffers-build/libflatbuffers.a" prefix_auto="0" extension_auto="0"/>
				<Option working_dir="/home/josiah/euclid/promenade/build-arm-ubuntu-debug/flatbuffers-build"/>
				<Option object_output="./"/>
				<Option type="2"/>
				<Option compiler="gcc"/>
				<Compiler>
					<Add option="-DFLATBUFFERS_LOCALE_INDEPENDENT=1"/>
					<Add directory="/home/josiah/euclid/promenade/build-arm-ubuntu-debug/flatbuffers-src/include"/>
					<Add directory="/home/josiah/euclid/promenade/build-arm-ubuntu-debug/flatbuffers-src/grpc"/>
					<Add directory="/usr/include/c++/11"/>
					<Add directory="/usr/include/arm-linux-gnueabihf/c++/11"/>
					<Add directory="/usr/include/c++/11/backward"/>
					<Add directory="/usr/lib/gcc/arm-linux-gnueabihf/11/include"/>
					<Add directory="/usr/local/include"/>
					<Add directory="/usr/include/arm-linux-gnueabihf"/>
					<Add directory="/usr/include"/>
				</Compiler>
				<MakeCommands>
					<Build command="/usr/bin/gmake -j4 -f &quot;/home/josiah/euclid/promenade/build-arm-ubuntu-debug/flatbuffers-build/Makefile&quot;  VERBOSE=1 flatbuffers"/>
					<CompileFile command="/usr/bin/gmake -j4 -f &quot;/home/josiah/euclid/promenade/build-arm-ubuntu-debug/flatbuffers-build/Makefile&quot;  VERBOSE=1 &quot;$file&quot;"/>
					<Clean command="/usr/bin/gmake -j4 -f &quot;/home/josiah/euclid/promenade/build-arm-ubuntu-debug/flatbuffers-build/Makefile&quot;  VERBOSE=1 clean"/>
					<DistClean command="/usr/bin/gmake -j4 -f &quot;/home/josiah/euclid/promenade/build-arm-ubuntu-debug/flatbuffers-build/Makefile&quot;  VERBOSE=1 clean"/>
				</MakeCommands>
			</Target>
			<Target title="flatbuffers/fast">
				<Option output="/home/josiah/euclid/promenade/build-arm-ubuntu-debug/flatbuffers-build/libflatbuffers.a" prefix_auto="0" extension_auto="0"/>
				<Option working_dir="/home/josiah/euclid/promenade/build-arm-ubuntu-debug/flatbuffers-build"/>
				<Option object_output="./"/>
				<Option type="2"/>
				<Option compiler="gcc"/>
				<Compiler>
					<Add option="-DFLATBUFFERS_LOCALE_INDEPENDENT=1"/>
					<Add directory="/home/josiah/euclid/promenade/build-arm-ubuntu-debug/flatbuffers-src/include"/>
					<Add directory="/home/josiah/euclid/promenade/build-arm-ubuntu-debug/flatbuffers-src/grpc"/>
					<Add directory="/usr/include/c++/11"/>
					<Add directory="/usr/include/arm-linux-gnueabihf/c++/11"/>
					<Add directory="/usr/include/c++/11/backward"/>
					<Add directory="/usr/lib/gcc/arm-linux-gnueabihf/11/include"/>
					<Add directory="/usr/local/include"/>
					<Add directory="/usr/include/arm-linux-gnueabihf"/>
					<Add directory="/usr/include"/>
				</Compiler>
				<MakeCommands>
					<Build command="/usr/bin/gmake -j4 -f &quot;/home/josiah/euclid/promenade/build-arm-ubuntu-debug/flatbuffers-build/Makefile&quot;  VERBOSE=1 flatbuffers/fast"/>
					<CompileFile command="/usr/bin/gmake -j4 -f &quot;/home/josiah/euclid/promenade/build-arm-ubuntu-debug/flatbuffers-build/Makefile&quot;  VERBOSE=1 &quot;$file&quot;"/>
					<Clean command="/usr/bin/gmake -j4 -f &quot;/home/josiah/euclid/promenade/build-arm-ubuntu-debug/flatbuffers-build/Makefile&quot;  VERBOSE=1 clean"/>
					<DistClean command="/usr/bin/gmake -j4 -f &quot;/home/josiah/euclid/promenade/build-arm-ubuntu-debug/flatbuffers-build/Makefile&quot;  VERBOSE=1 clean"/>
				</MakeCommands>
			</Target>
		</Build>
		<Unit filename="/home/josiah/euclid/promenade/build-arm-ubuntu-debug/flatbuffers-src/include/flatbuffers/base.h">
			<Option target="flatbuffers"/>
		</Unit>
		<Unit filename="/home/josiah/euclid/promenade/build-arm-ubuntu-debug/flatbuffers-src/include/flatbuffers/flatbuffers.h">
			<Option target="flatbuffers"/>
		</Unit>
		<Unit filename="/home/josiah/euclid/promenade/build-arm-ubuntu-debug/flatbuffers-src/include/flatbuffers/flexbuffers.h">
			<Option target="flatbuffers"/>
		</Unit>
		<Unit filename="/home/josiah/euclid/promenade/build-arm-ubuntu-debug/flatbuffers-src/include/flatbuffers/hash.h">
			<Option target="flatbuffers"/>
		</Unit>
		<Unit filename="/home/josiah/euclid/promenade/build-arm-ubuntu-debug/flatbuffers-src/include/flatbuffers/idl.h">
			<Option target="flatbuffers"/>
		</Unit>
		<Unit filename="/home/josiah/euclid/promenade/build-arm-ubuntu-debug/flatbuffers-src/include/flatbuffers/minireflect.h">
			<Option target="flatbuffers"/>
		</Unit>
		<Unit filename="/home/josiah/euclid/promenade/build-arm-ubuntu-debug/flatbuffers-src/include/flatbuffers/reflection.h">
			<Option target="flatbuffers"/>
		</Unit>
		<Unit filename="/home/josiah/euclid/promenade/build-arm-ubuntu-debug/flatbuffers-src/include/flatbuffers/reflection_generated.h">
			<Option target="flatbuffers"/>
		</Unit>
		<Unit filename="/home/josiah/euclid/promenade/build-arm-ubuntu-debug/flatbuffers-src/include/flatbuffers/registry.h">
			<Option target="flatbuffers"/>
		</Unit>
		<Unit filename="/home/josiah/euclid/promenade/build-arm-ubuntu-debug/flatbuffers-src/include/flatbuffers/stl_emulation.h">
			<Option target="flatbuffers"/>
		</Unit>
		<Unit filename="/home/josiah/euclid/promenade/build-arm-ubuntu-debug/flatbuffers-src/include/flatbuffers/util.h">
			<Option target="flatbuffers"/>
		</Unit>
		<Unit filename="/home/josiah/euclid/promenade/build-arm-ubuntu-debug/flatbuffers-src/src/idl_gen_text.cpp">
			<Option target="flatbuffers"/>
		</Unit>
		<Unit filename="/home/josiah/euclid/promenade/build-arm-ubuntu-debug/flatbuffers-src/src/idl_parser.cpp">
			<Option target="flatbuffers"/>
		</Unit>
		<Unit filename="/home/josiah/euclid/promenade/build-arm-ubuntu-debug/flatbuffers-src/src/reflection.cpp">
			<Option target="flatbuffers"/>
		</Unit>
		<Unit filename="/home/josiah/euclid/promenade/build-arm-ubuntu-debug/flatbuffers-src/src/util.cpp">
			<Option target="flatbuffers"/>
		</Unit>
		<Unit filename="/home/josiah/euclid/promenade/CMakeLists.txt">
			<Option virtualFolder="CMake Files\"/>
		</Unit>
		<Unit filename="/home/josiah/euclid/promenade/build-arm-ubuntu-debug/flatbuffers-src/CMakeLists.txt">
			<Option virtualFolder="CMake Files\build-arm-ubuntu-debug\flatbuffers-src\"/>
		</Unit>
		<Unit filename="/home/josiah/euclid/promenade/build-arm-ubuntu-debug/flatbuffers-src/CMake/BuildFlatBuffers.cmake">
			<Option virtualFolder="CMake Files\build-arm-ubuntu-debug\flatbuffers-src\CMake\"/>
		</Unit>
		<Unit filename="/home/josiah/euclid/promenade/build-arm-ubuntu-debug/flatbuffers-src/CMake/Version.cmake">
			<Option virtualFolder="CMake Files\build-arm-ubuntu-debug\flatbuffers-src\CMake\"/>
		</Unit>
		<Unit filename="/home/josiah/euclid/promenade/build-arm-ubuntu-debug/yaml-src/CMakeLists.txt">
			<Option virtualFolder="CMake Files\build-arm-ubuntu-debug\yaml-src\"/>
		</Unit>
		<Unit filename="/home/josiah/euclid/promenade/build-arm-ubuntu-debug/yaml-src/yaml-cpp-config-version.cmake.in">
			<Option virtualFolder="CMake Files\build-arm-ubuntu-debug\yaml-src\"/>
		</Unit>
		<Unit filename="/home/josiah/euclid/promenade/build-arm-ubuntu-debug/yaml-src/yaml-cpp-config.cmake.in">
			<Option virtualFolder="CMake Files\build-arm-ubuntu-debug\yaml-src\"/>
		</Unit>
		<Unit filename="/home/josiah/euclid/promenade/build-arm-ubuntu-debug/impresario-serialization-src/CMakeLists.txt">
			<Option virtualFolder="CMake Files\build-arm-ubuntu-debug\impresario-serialization-src\"/>
		</Unit>
		<Unit filename="/home/josiah/euclid/promenade/build-arm-ubuntu-debug/impresario-serialization-src/lib/cmake-utils/dependency-downloader.cmake">
			<Option virtualFolder="CMake Files\build-arm-ubuntu-debug\impresario-serialization-src\lib\cmake-utils\"/>
		</Unit>
		<Unit filename="/home/josiah/euclid/promenade/build-arm-ubuntu-debug/impresario-serialization-src/lib/cmake-utils/dependency-integrator.cmake">
			<Option virtualFolder="CMake Files\build-arm-ubuntu-debug\impresario-serialization-src\lib\cmake-utils\"/>
		</Unit>
		<Unit filename="/home/josiah/euclid/promenade/build-arm-ubuntu-debug/impresario-utils-src/CMakeLists.txt">
			<Option virtualFolder="CMake Files\build-arm-ubuntu-debug\impresario-utils-src\"/>
		</Unit>
		<Unit filename="/home/josiah/euclid/promenade/build-arm-ubuntu-debug/impresario-utils-src/lib/cmake-utils/dependency-downloader.cmake">
			<Option virtualFolder="CMake Files\build-arm-ubuntu-debug\impresario-utils-src\lib\cmake-utils\"/>
		</Unit>
		<Unit filename="/home/josiah/euclid/promenade/build-arm-ubuntu-debug/impresario-utils-src/lib/cmake-utils/dependency-integrator.cmake">
			<Option virtualFolder="CMake Files\build-arm-ubuntu-debug\impresario-utils-src\lib\cmake-utils\"/>
		</Unit>
		<Unit filename="/home/josiah/euclid/promenade/build-arm-ubuntu-debug/spdlog-src/CMakeLists.txt">
			<Option virtualFolder="CMake Files\build-arm-ubuntu-debug\spdlog-src\"/>
		</Unit>
		<Unit filename="/home/josiah/euclid/promenade/build-arm-ubuntu-debug/spdlog-src/cmake/ide.cmake">
			<Option virtualFolder="CMake Files\build-arm-ubuntu-debug\spdlog-src\cmake\"/>
		</Unit>
		<Unit filename="/home/josiah/euclid/promenade/build-arm-ubuntu-debug/spdlog-src/cmake/utils.cmake">
			<Option virtualFolder="CMake Files\build-arm-ubuntu-debug\spdlog-src\cmake\"/>
		</Unit>
		<Unit filename="/home/josiah/euclid/promenade/build-arm-ubuntu-debug/ws281x-src/CMakeLists.txt">
			<Option virtualFolder="CMake Files\build-arm-ubuntu-debug\ws281x-src\"/>
		</Unit>
		<Unit filename="/home/josiah/euclid/promenade/build-arm-ubuntu-debug/ws281x-src/pkg-config.pc.in">
			<Option virtualFolder="CMake Files\build-arm-ubuntu-debug\ws281x-src\"/>
		</Unit>
		<Unit filename="/home/josiah/euclid/promenade/build-arm-ubuntu-debug/ws281x-src/version.h.in">
			<Option virtualFolder="CMake Files\build-arm-ubuntu-debug\ws281x-src\"/>
		</Unit>
		<Unit filename="/home/josiah/euclid/promenade/lib/cmake-utils/dependency-downloader.cmake">
			<Option virtualFolder="CMake Files\lib\cmake-utils\"/>
		</Unit>
		<Unit filename="/home/josiah/euclid/promenade/lib/cmake-utils/dependency-integrator.cmake">
			<Option virtualFolder="CMake Files\lib\cmake-utils\"/>
		</Unit>
	</Project>
</CodeBlocks_project_file>
