<?xml version="1.0" encoding="UTF-8"?>
<CodeBlocks_project_file>
	<FileVersion major="1" minor="6"/>
	<Project>
		<Option title="YAML_CPP"/>
		<Option makefile_is_custom="1"/>
		<Option compiler="gcc"/>
		<Option virtualFolders="CMake Files\;CMake Files\build-arm-ubuntu-debug\;CMake Files\build-arm-ubuntu-debug\flatbuffers-src\;CMake Files\build-arm-ubuntu-debug\flatbuffers-src\CMake\;CMake Files\build-arm-ubuntu-debug\yaml-src\;CMake Files\build-arm-ubuntu-debug\impresario-serialization-src\;CMake Files\build-arm-ubuntu-debug\impresario-serialization-src\lib\;CMake Files\build-arm-ubuntu-debug\impresario-serialization-src\lib\cmake-utils\;CMake Files\build-arm-ubuntu-debug\impresario-utils-src\;CMake Files\build-arm-ubuntu-debug\impresario-utils-src\lib\;CMake Files\build-arm-ubuntu-debug\impresario-utils-src\lib\cmake-utils\;CMake Files\build-arm-ubuntu-debug\spdlog-src\;CMake Files\build-arm-ubuntu-debug\spdlog-src\cmake\;CMake Files\build-arm-ubuntu-debug\ws281x-src\;CMake Files\lib\;CMake Files\lib\cmake-utils\;"/>
		<Build>
			<Target title="all">
				<Option working_dir="/home/josiah/euclid/promenade/build-arm-ubuntu-debug/yaml-build"/>
				<Option type="4"/>
				<MakeCommands>
					<Build command="/usr/bin/gmake -j4 -f &quot;/home/josiah/euclid/promenade/build-arm-ubuntu-debug/yaml-build/Makefile&quot;  VERBOSE=1 all"/>
					<CompileFile command="/usr/bin/gmake -j4 -f &quot;/home/josiah/euclid/promenade/build-arm-ubuntu-debug/yaml-build/Makefile&quot;  VERBOSE=1 &quot;$file&quot;"/>
					<Clean command="/usr/bin/gmake -j4 -f &quot;/home/josiah/euclid/promenade/build-arm-ubuntu-debug/yaml-build/Makefile&quot;  VERBOSE=1 clean"/>
					<DistClean command="/usr/bin/gmake -j4 -f &quot;/home/josiah/euclid/promenade/build-arm-ubuntu-debug/yaml-build/Makefile&quot;  VERBOSE=1 clean"/>
				</MakeCommands>
			</Target>
			<Target title="debuggable">
				<Option working_dir="/home/josiah/euclid/promenade/build-arm-ubuntu-debug/yaml-build"/>
				<Option type="4"/>
				<MakeCommands>
					<Build command="/usr/bin/gmake -j4 -f &quot;/home/josiah/euclid/promenade/build-arm-ubuntu-debug/yaml-build/Makefile&quot;  VERBOSE=1 debuggable"/>
					<CompileFile command="/usr/bin/gmake -j4 -f &quot;/home/josiah/euclid/promenade/build-arm-ubuntu-debug/yaml-build/Makefile&quot;  VERBOSE=1 &quot;$file&quot;"/>
					<Clean command="/usr/bin/gmake -j4 -f &quot;/home/josiah/euclid/promenade/build-arm-ubuntu-debug/yaml-build/Makefile&quot;  VERBOSE=1 clean"/>
					<DistClean command="/usr/bin/gmake -j4 -f &quot;/home/josiah/euclid/promenade/build-arm-ubuntu-debug/yaml-build/Makefile&quot;  VERBOSE=1 clean"/>
				</MakeCommands>
			</Target>
			<Target title="releasable">
				<Option working_dir="/home/josiah/euclid/promenade/build-arm-ubuntu-debug/yaml-build"/>
				<Option type="4"/>
				<MakeCommands>
					<Build command="/usr/bin/gmake -j4 -f &quot;/home/josiah/euclid/promenade/build-arm-ubuntu-debug/yaml-build/Makefile&quot;  VERBOSE=1 releasable"/>
					<CompileFile command="/usr/bin/gmake -j4 -f &quot;/home/josiah/euclid/promenade/build-arm-ubuntu-debug/yaml-build/Makefile&quot;  VERBOSE=1 &quot;$file&quot;"/>
					<Clean command="/usr/bin/gmake -j4 -f &quot;/home/josiah/euclid/promenade/build-arm-ubuntu-debug/yaml-build/Makefile&quot;  VERBOSE=1 clean"/>
					<DistClean command="/usr/bin/gmake -j4 -f &quot;/home/josiah/euclid/promenade/build-arm-ubuntu-debug/yaml-build/Makefile&quot;  VERBOSE=1 clean"/>
				</MakeCommands>
			</Target>
			<Target title="yaml-cpp">
				<Option output="/home/josiah/euclid/promenade/build-arm-ubuntu-debug/yaml-build/libyaml-cpp.a" prefix_auto="0" extension_auto="0"/>
				<Option working_dir="/home/josiah/euclid/promenade/build-arm-ubuntu-debug/yaml-build"/>
				<Option object_output="./"/>
				<Option type="2"/>
				<Option compiler="gcc"/>
				<Compiler>
					<Add option="-DYAML_CPP_NO_CONTRIB"/>
					<Add directory="/home/josiah/euclid/promenade/build-arm-ubuntu-debug/yaml-src/include"/>
					<Add directory="/home/josiah/euclid/promenade/build-arm-ubuntu-debug/yaml-src/src"/>
					<Add directory="/usr/include/c++/11"/>
					<Add directory="/usr/include/arm-linux-gnueabihf/c++/11"/>
					<Add directory="/usr/include/c++/11/backward"/>
					<Add directory="/usr/lib/gcc/arm-linux-gnueabihf/11/include"/>
					<Add directory="/usr/local/include"/>
					<Add directory="/usr/include/arm-linux-gnueabihf"/>
					<Add directory="/usr/include"/>
				</Compiler>
				<MakeCommands>
					<Build command="/usr/bin/gmake -j4 -f &quot;/home/josiah/euclid/promenade/build-arm-ubuntu-debug/yaml-build/Makefile&quot;  VERBOSE=1 yaml-cpp"/>
					<CompileFile command="/usr/bin/gmake -j4 -f &quot;/home/josiah/euclid/promenade/build-arm-ubuntu-debug/yaml-build/Makefile&quot;  VERBOSE=1 &quot;$file&quot;"/>
					<Clean command="/usr/bin/gmake -j4 -f &quot;/home/josiah/euclid/promenade/build-arm-ubuntu-debug/yaml-build/Makefile&quot;  VERBOSE=1 clean"/>
					<DistClean command="/usr/bin/gmake -j4 -f &quot;/home/josiah/euclid/promenade/build-arm-ubuntu-debug/yaml-build/Makefile&quot;  VERBOSE=1 clean"/>
				</MakeCommands>
			</Target>
			<Target title="yaml-cpp/fast">
				<Option output="/home/josiah/euclid/promenade/build-arm-ubuntu-debug/yaml-build/libyaml-cpp.a" prefix_auto="0" extension_auto="0"/>
				<Option working_dir="/home/josiah/euclid/promenade/build-arm-ubuntu-debug/yaml-build"/>
				<Option object_output="./"/>
				<Option type="2"/>
				<Option compiler="gcc"/>
				<Compiler>
					<Add option="-DYAML_CPP_NO_CONTRIB"/>
					<Add directory="/home/josiah/euclid/promenade/build-arm-ubuntu-debug/yaml-src/include"/>
					<Add directory="/home/josiah/euclid/promenade/build-arm-ubuntu-debug/yaml-src/src"/>
					<Add directory="/usr/include/c++/11"/>
					<Add directory="/usr/include/arm-linux-gnueabihf/c++/11"/>
					<Add directory="/usr/include/c++/11/backward"/>
					<Add directory="/usr/lib/gcc/arm-linux-gnueabihf/11/include"/>
					<Add directory="/usr/local/include"/>
					<Add directory="/usr/include/arm-linux-gnueabihf"/>
					<Add directory="/usr/include"/>
				</Compiler>
				<MakeCommands>
					<Build command="/usr/bin/gmake -j4 -f &quot;/home/josiah/euclid/promenade/build-arm-ubuntu-debug/yaml-build/Makefile&quot;  VERBOSE=1 yaml-cpp/fast"/>
					<CompileFile command="/usr/bin/gmake -j4 -f &quot;/home/josiah/euclid/promenade/build-arm-ubuntu-debug/yaml-build/Makefile&quot;  VERBOSE=1 &quot;$file&quot;"/>
					<Clean command="/usr/bin/gmake -j4 -f &quot;/home/josiah/euclid/promenade/build-arm-ubuntu-debug/yaml-build/Makefile&quot;  VERBOSE=1 clean"/>
					<DistClean command="/usr/bin/gmake -j4 -f &quot;/home/josiah/euclid/promenade/build-arm-ubuntu-debug/yaml-build/Makefile&quot;  VERBOSE=1 clean"/>
				</MakeCommands>
			</Target>
			<Target title="format">
				<Option working_dir="/home/josiah/euclid/promenade/build-arm-ubuntu-debug/yaml-build"/>
				<Option type="4"/>
				<MakeCommands>
					<Build command="/usr/bin/gmake -j4 -f &quot;/home/josiah/euclid/promenade/build-arm-ubuntu-debug/yaml-build/Makefile&quot;  VERBOSE=1 format"/>
					<CompileFile command="/usr/bin/gmake -j4 -f &quot;/home/josiah/euclid/promenade/build-arm-ubuntu-debug/yaml-build/Makefile&quot;  VERBOSE=1 &quot;$file&quot;"/>
					<Clean command="/usr/bin/gmake -j4 -f &quot;/home/josiah/euclid/promenade/build-arm-ubuntu-debug/yaml-build/Makefile&quot;  VERBOSE=1 clean"/>
					<DistClean command="/usr/bin/gmake -j4 -f &quot;/home/josiah/euclid/promenade/build-arm-ubuntu-debug/yaml-build/Makefile&quot;  VERBOSE=1 clean"/>
				</MakeCommands>
			</Target>
		</Build>
		<Unit filename="/home/josiah/euclid/promenade/build-arm-ubuntu-debug/yaml-src/include/yaml-cpp/anchor.h">
			<Option target="yaml-cpp"/>
		</Unit>
		<Unit filename="/home/josiah/euclid/promenade/build-arm-ubuntu-debug/yaml-src/include/yaml-cpp/binary.h">
			<Option target="yaml-cpp"/>
		</Unit>
		<Unit filename="/home/josiah/euclid/promenade/build-arm-ubuntu-debug/yaml-src/include/yaml-cpp/contrib/anchordict.h">
			<Option target="yaml-cpp"/>
		</Unit>
		<Unit filename="/home/josiah/euclid/promenade/build-arm-ubuntu-debug/yaml-src/include/yaml-cpp/contrib/graphbuilder.h">
			<Option target="yaml-cpp"/>
		</Unit>
		<Unit filename="/home/josiah/euclid/promenade/build-arm-ubuntu-debug/yaml-src/include/yaml-cpp/dll.h">
			<Option target="yaml-cpp"/>
		</Unit>
		<Unit filename="/home/josiah/euclid/promenade/build-arm-ubuntu-debug/yaml-src/include/yaml-cpp/emitfromevents.h">
			<Option target="yaml-cpp"/>
		</Unit>
		<Unit filename="/home/josiah/euclid/promenade/build-arm-ubuntu-debug/yaml-src/include/yaml-cpp/emitter.h">
			<Option target="yaml-cpp"/>
		</Unit>
		<Unit filename="/home/josiah/euclid/promenade/build-arm-ubuntu-debug/yaml-src/include/yaml-cpp/emitterdef.h">
			<Option target="yaml-cpp"/>
		</Unit>
		<Unit filename="/home/josiah/euclid/promenade/build-arm-ubuntu-debug/yaml-src/include/yaml-cpp/emittermanip.h">
			<Option target="yaml-cpp"/>
		</Unit>
		<Unit filename="/home/josiah/euclid/promenade/build-arm-ubuntu-debug/yaml-src/include/yaml-cpp/emitterstyle.h">
			<Option target="yaml-cpp"/>
		</Unit>
		<Unit filename="/home/josiah/euclid/promenade/build-arm-ubuntu-debug/yaml-src/include/yaml-cpp/eventhandler.h">
			<Option target="yaml-cpp"/>
		</Unit>
		<Unit filename="/home/josiah/euclid/promenade/build-arm-ubuntu-debug/yaml-src/include/yaml-cpp/exceptions.h">
			<Option target="yaml-cpp"/>
		</Unit>
		<Unit filename="/home/josiah/euclid/promenade/build-arm-ubuntu-debug/yaml-src/include/yaml-cpp/mark.h">
			<Option target="yaml-cpp"/>
		</Unit>
		<Unit filename="/home/josiah/euclid/promenade/build-arm-ubuntu-debug/yaml-src/include/yaml-cpp/node/convert.h">
			<Option target="yaml-cpp"/>
		</Unit>
		<Unit filename="/home/josiah/euclid/promenade/build-arm-ubuntu-debug/yaml-src/include/yaml-cpp/node/detail/bool_type.h">
			<Option target="yaml-cpp"/>
		</Unit>
		<Unit filename="/home/josiah/euclid/promenade/build-arm-ubuntu-debug/yaml-src/include/yaml-cpp/node/detail/impl.h">
			<Option target="yaml-cpp"/>
		</Unit>
		<Unit filename="/home/josiah/euclid/promenade/build-arm-ubuntu-debug/yaml-src/include/yaml-cpp/node/detail/iterator.h">
			<Option target="yaml-cpp"/>
		</Unit>
		<Unit filename="/home/josiah/euclid/promenade/build-arm-ubuntu-debug/yaml-src/include/yaml-cpp/node/detail/iterator_fwd.h">
			<Option target="yaml-cpp"/>
		</Unit>
		<Unit filename="/home/josiah/euclid/promenade/build-arm-ubuntu-debug/yaml-src/include/yaml-cpp/node/detail/memory.h">
			<Option target="yaml-cpp"/>
		</Unit>
		<Unit filename="/home/josiah/euclid/promenade/build-arm-ubuntu-debug/yaml-src/include/yaml-cpp/node/detail/node.h">
			<Option target="yaml-cpp"/>
		</Unit>
		<Unit filename="/home/josiah/euclid/promenade/build-arm-ubuntu-debug/yaml-src/include/yaml-cpp/node/detail/node_data.h">
			<Option target="yaml-cpp"/>
		</Unit>
		<Unit filename="/home/josiah/euclid/promenade/build-arm-ubuntu-debug/yaml-src/include/yaml-cpp/node/detail/node_iterator.h">
			<Option target="yaml-cpp"/>
		</Unit>
		<Unit filename="/home/josiah/euclid/promenade/build-arm-ubuntu-debug/yaml-src/include/yaml-cpp/node/detail/node_ref.h">
			<Option target="yaml-cpp"/>
		</Unit>
		<Unit filename="/home/josiah/euclid/promenade/build-arm-ubuntu-debug/yaml-src/include/yaml-cpp/node/emit.h">
			<Option target="yaml-cpp"/>
		</Unit>
		<Unit filename="/home/josiah/euclid/promenade/build-arm-ubuntu-debug/yaml-src/include/yaml-cpp/node/impl.h">
			<Option target="yaml-cpp"/>
		</Unit>
		<Unit filename="/home/josiah/euclid/promenade/build-arm-ubuntu-debug/yaml-src/include/yaml-cpp/node/iterator.h">
			<Option target="yaml-cpp"/>
		</Unit>
		<Unit filename="/home/josiah/euclid/promenade/build-arm-ubuntu-debug/yaml-src/include/yaml-cpp/node/node.h">
			<Option target="yaml-cpp"/>
		</Unit>
		<Unit filename="/home/josiah/euclid/promenade/build-arm-ubuntu-debug/yaml-src/include/yaml-cpp/node/parse.h">
			<Option target="yaml-cpp"/>
		</Unit>
		<Unit filename="/home/josiah/euclid/promenade/build-arm-ubuntu-debug/yaml-src/include/yaml-cpp/node/ptr.h">
			<Option target="yaml-cpp"/>
		</Unit>
		<Unit filename="/home/josiah/euclid/promenade/build-arm-ubuntu-debug/yaml-src/include/yaml-cpp/node/type.h">
			<Option target="yaml-cpp"/>
		</Unit>
		<Unit filename="/home/josiah/euclid/promenade/build-arm-ubuntu-debug/yaml-src/include/yaml-cpp/null.h">
			<Option target="yaml-cpp"/>
		</Unit>
		<Unit filename="/home/josiah/euclid/promenade/build-arm-ubuntu-debug/yaml-src/include/yaml-cpp/ostream_wrapper.h">
			<Option target="yaml-cpp"/>
		</Unit>
		<Unit filename="/home/josiah/euclid/promenade/build-arm-ubuntu-debug/yaml-src/include/yaml-cpp/parser.h">
			<Option target="yaml-cpp"/>
		</Unit>
		<Unit filename="/home/josiah/euclid/promenade/build-arm-ubuntu-debug/yaml-src/include/yaml-cpp/stlemitter.h">
			<Option target="yaml-cpp"/>
		</Unit>
		<Unit filename="/home/josiah/euclid/promenade/build-arm-ubuntu-debug/yaml-src/include/yaml-cpp/traits.h">
			<Option target="yaml-cpp"/>
		</Unit>
		<Unit filename="/home/josiah/euclid/promenade/build-arm-ubuntu-debug/yaml-src/include/yaml-cpp/yaml.h">
			<Option target="yaml-cpp"/>
		</Unit>
		<Unit filename="/home/josiah/euclid/promenade/build-arm-ubuntu-debug/yaml-src/src/binary.cpp">
			<Option target="yaml-cpp"/>
		</Unit>
		<Unit filename="/home/josiah/euclid/promenade/build-arm-ubuntu-debug/yaml-src/src/collectionstack.h">
			<Option target="yaml-cpp"/>
		</Unit>
		<Unit filename="/home/josiah/euclid/promenade/build-arm-ubuntu-debug/yaml-src/src/convert.cpp">
			<Option target="yaml-cpp"/>
		</Unit>
		<Unit filename="/home/josiah/euclid/promenade/build-arm-ubuntu-debug/yaml-src/src/directives.cpp">
			<Option target="yaml-cpp"/>
		</Unit>
		<Unit filename="/home/josiah/euclid/promenade/build-arm-ubuntu-debug/yaml-src/src/directives.h">
			<Option target="yaml-cpp"/>
		</Unit>
		<Unit filename="/home/josiah/euclid/promenade/build-arm-ubuntu-debug/yaml-src/src/emit.cpp">
			<Option target="yaml-cpp"/>
		</Unit>
		<Unit filename="/home/josiah/euclid/promenade/build-arm-ubuntu-debug/yaml-src/src/emitfromevents.cpp">
			<Option target="yaml-cpp"/>
		</Unit>
		<Unit filename="/home/josiah/euclid/promenade/build-arm-ubuntu-debug/yaml-src/src/emitter.cpp">
			<Option target="yaml-cpp"/>
		</Unit>
		<Unit filename="/home/josiah/euclid/promenade/build-arm-ubuntu-debug/yaml-src/src/emitterstate.cpp">
			<Option target="yaml-cpp"/>
		</Unit>
		<Unit filename="/home/josiah/euclid/promenade/build-arm-ubuntu-debug/yaml-src/src/emitterstate.h">
			<Option target="yaml-cpp"/>
		</Unit>
		<Unit filename="/home/josiah/euclid/promenade/build-arm-ubuntu-debug/yaml-src/src/emitterutils.cpp">
			<Option target="yaml-cpp"/>
		</Unit>
		<Unit filename="/home/josiah/euclid/promenade/build-arm-ubuntu-debug/yaml-src/src/emitterutils.h">
			<Option target="yaml-cpp"/>
		</Unit>
		<Unit filename="/home/josiah/euclid/promenade/build-arm-ubuntu-debug/yaml-src/src/exceptions.cpp">
			<Option target="yaml-cpp"/>
		</Unit>
		<Unit filename="/home/josiah/euclid/promenade/build-arm-ubuntu-debug/yaml-src/src/exp.cpp">
			<Option target="yaml-cpp"/>
		</Unit>
		<Unit filename="/home/josiah/euclid/promenade/build-arm-ubuntu-debug/yaml-src/src/exp.h">
			<Option target="yaml-cpp"/>
		</Unit>
		<Unit filename="/home/josiah/euclid/promenade/build-arm-ubuntu-debug/yaml-src/src/indentation.h">
			<Option target="yaml-cpp"/>
		</Unit>
		<Unit filename="/home/josiah/euclid/promenade/build-arm-ubuntu-debug/yaml-src/src/memory.cpp">
			<Option target="yaml-cpp"/>
		</Unit>
		<Unit filename="/home/josiah/euclid/promenade/build-arm-ubuntu-debug/yaml-src/src/node.cpp">
			<Option target="yaml-cpp"/>
		</Unit>
		<Unit filename="/home/josiah/euclid/promenade/build-arm-ubuntu-debug/yaml-src/src/node_data.cpp">
			<Option target="yaml-cpp"/>
		</Unit>
		<Unit filename="/home/josiah/euclid/promenade/build-arm-ubuntu-debug/yaml-src/src/nodebuilder.cpp">
			<Option target="yaml-cpp"/>
		</Unit>
		<Unit filename="/home/josiah/euclid/promenade/build-arm-ubuntu-debug/yaml-src/src/nodebuilder.h">
			<Option target="yaml-cpp"/>
		</Unit>
		<Unit filename="/home/josiah/euclid/promenade/build-arm-ubuntu-debug/yaml-src/src/nodeevents.cpp">
			<Option target="yaml-cpp"/>
		</Unit>
		<Unit filename="/home/josiah/euclid/promenade/build-arm-ubuntu-debug/yaml-src/src/nodeevents.h">
			<Option target="yaml-cpp"/>
		</Unit>
		<Unit filename="/home/josiah/euclid/promenade/build-arm-ubuntu-debug/yaml-src/src/null.cpp">
			<Option target="yaml-cpp"/>
		</Unit>
		<Unit filename="/home/josiah/euclid/promenade/build-arm-ubuntu-debug/yaml-src/src/ostream_wrapper.cpp">
			<Option target="yaml-cpp"/>
		</Unit>
		<Unit filename="/home/josiah/euclid/promenade/build-arm-ubuntu-debug/yaml-src/src/parse.cpp">
			<Option target="yaml-cpp"/>
		</Unit>
		<Unit filename="/home/josiah/euclid/promenade/build-arm-ubuntu-debug/yaml-src/src/parser.cpp">
			<Option target="yaml-cpp"/>
		</Unit>
		<Unit filename="/home/josiah/euclid/promenade/build-arm-ubuntu-debug/yaml-src/src/ptr_vector.h">
			<Option target="yaml-cpp"/>
		</Unit>
		<Unit filename="/home/josiah/euclid/promenade/build-arm-ubuntu-debug/yaml-src/src/regex_yaml.cpp">
			<Option target="yaml-cpp"/>
		</Unit>
		<Unit filename="/home/josiah/euclid/promenade/build-arm-ubuntu-debug/yaml-src/src/regex_yaml.h">
			<Option target="yaml-cpp"/>
		</Unit>
		<Unit filename="/home/josiah/euclid/promenade/build-arm-ubuntu-debug/yaml-src/src/regeximpl.h">
			<Option target="yaml-cpp"/>
		</Unit>
		<Unit filename="/home/josiah/euclid/promenade/build-arm-ubuntu-debug/yaml-src/src/scanner.cpp">
			<Option target="yaml-cpp"/>
		</Unit>
		<Unit filename="/home/josiah/euclid/promenade/build-arm-ubuntu-debug/yaml-src/src/scanner.h">
			<Option target="yaml-cpp"/>
		</Unit>
		<Unit filename="/home/josiah/euclid/promenade/build-arm-ubuntu-debug/yaml-src/src/scanscalar.cpp">
			<Option target="yaml-cpp"/>
		</Unit>
		<Unit filename="/home/josiah/euclid/promenade/build-arm-ubuntu-debug/yaml-src/src/scanscalar.h">
			<Option target="yaml-cpp"/>
		</Unit>
		<Unit filename="/home/josiah/euclid/promenade/build-arm-ubuntu-debug/yaml-src/src/scantag.cpp">
			<Option target="yaml-cpp"/>
		</Unit>
		<Unit filename="/home/josiah/euclid/promenade/build-arm-ubuntu-debug/yaml-src/src/scantag.h">
			<Option target="yaml-cpp"/>
		</Unit>
		<Unit filename="/home/josiah/euclid/promenade/build-arm-ubuntu-debug/yaml-src/src/scantoken.cpp">
			<Option target="yaml-cpp"/>
		</Unit>
		<Unit filename="/home/josiah/euclid/promenade/build-arm-ubuntu-debug/yaml-src/src/setting.h">
			<Option target="yaml-cpp"/>
		</Unit>
		<Unit filename="/home/josiah/euclid/promenade/build-arm-ubuntu-debug/yaml-src/src/simplekey.cpp">
			<Option target="yaml-cpp"/>
		</Unit>
		<Unit filename="/home/josiah/euclid/promenade/build-arm-ubuntu-debug/yaml-src/src/singledocparser.cpp">
			<Option target="yaml-cpp"/>
		</Unit>
		<Unit filename="/home/josiah/euclid/promenade/build-arm-ubuntu-debug/yaml-src/src/singledocparser.h">
			<Option target="yaml-cpp"/>
		</Unit>
		<Unit filename="/home/josiah/euclid/promenade/build-arm-ubuntu-debug/yaml-src/src/stream.cpp">
			<Option target="yaml-cpp"/>
		</Unit>
		<Unit filename="/home/josiah/euclid/promenade/build-arm-ubuntu-debug/yaml-src/src/stream.h">
			<Option target="yaml-cpp"/>
		</Unit>
		<Unit filename="/home/josiah/euclid/promenade/build-arm-ubuntu-debug/yaml-src/src/streamcharsource.h">
			<Option target="yaml-cpp"/>
		</Unit>
		<Unit filename="/home/josiah/euclid/promenade/build-arm-ubuntu-debug/yaml-src/src/stringsource.h">
			<Option target="yaml-cpp"/>
		</Unit>
		<Unit filename="/home/josiah/euclid/promenade/build-arm-ubuntu-debug/yaml-src/src/tag.cpp">
			<Option target="yaml-cpp"/>
		</Unit>
		<Unit filename="/home/josiah/euclid/promenade/build-arm-ubuntu-debug/yaml-src/src/tag.h">
			<Option target="yaml-cpp"/>
		</Unit>
		<Unit filename="/home/josiah/euclid/promenade/build-arm-ubuntu-debug/yaml-src/src/token.h">
			<Option target="yaml-cpp"/>
		</Unit>
		<Unit filename="/home/josiah/euclid/promenade/CMakeLists.txt">
			<Option virtualFolder="CMake Files\"/>
		</Unit>
		<Unit filename="/home/josiah/euclid/promenade/build-arm-ubuntu-debug/flatbuffers-src/CMakeLists.txt">
			<Option virtualFolder="CMake Files\build-arm-ubuntu-debug\flatbuffers-src\"/>
		</Unit>
		<Unit filename="/home/josiah/euclid/promenade/build-arm-ubuntu-debug/flatbuffers-src/CMake/BuildFlatBuffers.cmake">
			<Option virtualFolder="CMake Files\build-arm-ubuntu-debug\flatbuffers-src\CMake\"/>
		</Unit>
		<Unit filename="/home/josiah/euclid/promenade/build-arm-ubuntu-debug/flatbuffers-src/CMake/Version.cmake">
			<Option virtualFolder="CMake Files\build-arm-ubuntu-debug\flatbuffers-src\CMake\"/>
		</Unit>
		<Unit filename="/home/josiah/euclid/promenade/build-arm-ubuntu-debug/yaml-src/CMakeLists.txt">
			<Option virtualFolder="CMake Files\build-arm-ubuntu-debug\yaml-src\"/>
		</Unit>
		<Unit filename="/home/josiah/euclid/promenade/build-arm-ubuntu-debug/yaml-src/yaml-cpp-config-version.cmake.in">
			<Option virtualFolder="CMake Files\build-arm-ubuntu-debug\yaml-src\"/>
		</Unit>
		<Unit filename="/home/josiah/euclid/promenade/build-arm-ubuntu-debug/yaml-src/yaml-cpp-config.cmake.in">
			<Option virtualFolder="CMake Files\build-arm-ubuntu-debug\yaml-src\"/>
		</Unit>
		<Unit filename="/home/josiah/euclid/promenade/build-arm-ubuntu-debug/impresario-serialization-src/CMakeLists.txt">
			<Option virtualFolder="CMake Files\build-arm-ubuntu-debug\impresario-serialization-src\"/>
		</Unit>
		<Unit filename="/home/josiah/euclid/promenade/build-arm-ubuntu-debug/impresario-serialization-src/lib/cmake-utils/dependency-downloader.cmake">
			<Option virtualFolder="CMake Files\build-arm-ubuntu-debug\impresario-serialization-src\lib\cmake-utils\"/>
		</Unit>
		<Unit filename="/home/josiah/euclid/promenade/build-arm-ubuntu-debug/impresario-serialization-src/lib/cmake-utils/dependency-integrator.cmake">
			<Option virtualFolder="CMake Files\build-arm-ubuntu-debug\impresario-serialization-src\lib\cmake-utils\"/>
		</Unit>
		<Unit filename="/home/josiah/euclid/promenade/build-arm-ubuntu-debug/impresario-utils-src/CMakeLists.txt">
			<Option virtualFolder="CMake Files\build-arm-ubuntu-debug\impresario-utils-src\"/>
		</Unit>
		<Unit filename="/home/josiah/euclid/promenade/build-arm-ubuntu-debug/impresario-utils-src/lib/cmake-utils/dependency-downloader.cmake">
			<Option virtualFolder="CMake Files\build-arm-ubuntu-debug\impresario-utils-src\lib\cmake-utils\"/>
		</Unit>
		<Unit filename="/home/josiah/euclid/promenade/build-arm-ubuntu-debug/impresario-utils-src/lib/cmake-utils/dependency-integrator.cmake">
			<Option virtualFolder="CMake Files\build-arm-ubuntu-debug\impresario-utils-src\lib\cmake-utils\"/>
		</Unit>
		<Unit filename="/home/josiah/euclid/promenade/build-arm-ubuntu-debug/spdlog-src/CMakeLists.txt">
			<Option virtualFolder="CMake Files\build-arm-ubuntu-debug\spdlog-src\"/>
		</Unit>
		<Unit filename="/home/josiah/euclid/promenade/build-arm-ubuntu-debug/spdlog-src/cmake/ide.cmake">
			<Option virtualFolder="CMake Files\build-arm-ubuntu-debug\spdlog-src\cmake\"/>
		</Unit>
		<Unit filename="/home/josiah/euclid/promenade/build-arm-ubuntu-debug/spdlog-src/cmake/utils.cmake">
			<Option virtualFolder="CMake Files\build-arm-ubuntu-debug\spdlog-src\cmake\"/>
		</Unit>
		<Unit filename="/home/josiah/euclid/promenade/build-arm-ubuntu-debug/ws281x-src/CMakeLists.txt">
			<Option virtualFolder="CMake Files\build-arm-ubuntu-debug\ws281x-src\"/>
		</Unit>
		<Unit filename="/home/josiah/euclid/promenade/build-arm-ubuntu-debug/ws281x-src/pkg-config.pc.in">
			<Option virtualFolder="CMake Files\build-arm-ubuntu-debug\ws281x-src\"/>
		</Unit>
		<Unit filename="/home/josiah/euclid/promenade/build-arm-ubuntu-debug/ws281x-src/version.h.in">
			<Option virtualFolder="CMake Files\build-arm-ubuntu-debug\ws281x-src\"/>
		</Unit>
		<Unit filename="/home/josiah/euclid/promenade/lib/cmake-utils/dependency-downloader.cmake">
			<Option virtualFolder="CMake Files\lib\cmake-utils\"/>
		</Unit>
		<Unit filename="/home/josiah/euclid/promenade/lib/cmake-utils/dependency-integrator.cmake">
			<Option virtualFolder="CMake Files\lib\cmake-utils\"/>
		</Unit>
	</Project>
</CodeBlocks_project_file>
